version = 1
revision = 3
requires-python = ">=3.11"

[[package]]
name = "cython"
version = "3.1.3"
source = { registry = "https://pypi.org/simple" }
sdist = { url = "https://files.pythonhosted.org/packages/18/ab/915337fb39ab4f4539a313df38fc69938df3bf14141b90d61dfd5c2919de/cython-3.1.3.tar.gz", hash = "sha256:10ee785e42328924b78f75a74f66a813cb956b4a9bc91c44816d089d5934c089", size = 3186689, upload-time = "2025-08-13T06:19:13.619Z" }
wheels = [
    { url = "https://files.pythonhosted.org/packages/b5/51/54f5d1bed7b7d003d0584996a030542497aeb05b9241782c217ea71061f5/cython-3.1.3-cp311-cp311-macosx_10_9_x86_64.whl", hash = "sha256:4b3b2f6587b42efdece2d174a2aa4234da4524cc6673f3955c2e62b60c6d11fd", size = 3002973, upload-time = "2025-08-13T06:19:50.777Z" },
    { url = "https://files.pythonhosted.org/packages/05/07/b4043fed60070ee21b0d9ff3a877d2ecdc79231e55119ce852b79b690306/cython-3.1.3-cp311-cp311-macosx_11_0_arm64.whl", hash = "sha256:963cf640d049fcca1cefd62d1653f859892d6dc8e4d958eb49a5babc491de6a1", size = 2865389, upload-time = "2025-08-13T06:19:52.675Z" },
    { url = "https://files.pythonhosted.org/packages/b4/e3/67d349b5310a40f281e153e826ca24d9f7ba2997c06800eda781253dccfd/cython-3.1.3-cp311-cp311-manylinux1_i686.manylinux_2_28_i686.manylinux_2_5_i686.whl", hash = "sha256:2ab05d1bf2d5522ecff35d94ca233b77db2300413597c3ca0b6448377fa4bd7c", size = 3410316, upload-time = "2025-08-13T06:19:55.217Z" },
    { url = "https://files.pythonhosted.org/packages/49/c4/84aae921135174111091547fa726ea5f8bba718cd12b2589a70c2aab8d5c/cython-3.1.3-cp311-cp311-manylinux2014_aarch64.manylinux_2_17_aarch64.manylinux_2_28_aarch64.whl", hash = "sha256:cd517e3be052fb49443585b01f02f46080b3408e32c1108a0fdc4cc25b3c9d30", size = 3189568, upload-time = "2025-08-13T06:19:57.503Z" },
    { url = "https://files.pythonhosted.org/packages/e2/85/1bf18883f1a1f656ad83a671e54553caedb1ee2f39a3e792a14aa82557a2/cython-3.1.3-cp311-cp311-manylinux2014_x86_64.manylinux_2_17_x86_64.manylinux_2_28_x86_64.whl", hash = "sha256:a48e2180d74e3c528561d85b48f9a939a429537f9ea8aac7fb16180e7bff47e2", size = 3312649, upload-time = "2025-08-13T06:19:59.894Z" },
    { url = "https://files.pythonhosted.org/packages/68/da/cc1373decc0d14a25f1b434f47de5e27696f3092319aa5e19fcf84157415/cython-3.1.3-cp311-cp311-musllinux_1_2_aarch64.whl", hash = "sha256:e7c9daa90b15f59aa2a0d638ac1b36777a7e80122099952a0295c71190ce14bc", size = 3203821, upload-time = "2025-08-13T06:20:02.124Z" },
    { url = "https://files.pythonhosted.org/packages/0a/32/e10582d6f7b02ee63607f388dbbd34e329c54559c85961ddc5c655266519/cython-3.1.3-cp311-cp311-musllinux_1_2_i686.whl", hash = "sha256:08ac646ff42781827f23b7a9b61669cdb92055f52724cd8cbe0e1defc56fce2e", size = 3426853, upload-time = "2025-08-13T06:20:04.474Z" },
    { url = "https://files.pythonhosted.org/packages/e0/da/5b0d1b5a4c7622ec812ad9374c9c6b426d69818f13f51e36f4f25ca01c86/cython-3.1.3-cp311-cp311-musllinux_1_2_x86_64.whl", hash = "sha256:bb0e0e7fceaffa22e4dc9600f7f75998eef5cc6ac5a8c0733b482851ba765ef2", size = 3328872, upload-time = "2025-08-13T06:20:06.834Z" },
    { url = "https://files.pythonhosted.org/packages/b0/5f/f102f6c8d27338f0baf094754c67f920828a19612053abc903e66f84506f/cython-3.1.3-cp311-cp311-win32.whl", hash = "sha256:42b1c3ebe36a52e2a8e939c0651e9ca5d30b81d03f800bbf0499deb0503ab565", size = 2480850, upload-time = "2025-08-13T06:20:08.988Z" },
    { url = "https://files.pythonhosted.org/packages/b7/60/415d0f0f7c2e227707baec11c968387d33507d2eb7f26a2950a323c705e5/cython-3.1.3-cp311-cp311-win_amd64.whl", hash = "sha256:34a973844998281951bf54cdd0b6a9946ba03ba94580820738583a00da167d8f", size = 2712560, upload-time = "2025-08-13T06:20:11.877Z" },
    { url = "https://files.pythonhosted.org/packages/79/26/f433fdfd5182b9231819a99acc49a1f856669532306e7a38dce63ba7297e/cython-3.1.3-cp312-cp312-macosx_10_13_x86_64.whl", hash = "sha256:849ef3d15d4354e5f74cdb6d3c80d80b03209b3bf1f4ff93315890b19da18944", size = 3014237, upload-time = "2025-08-13T06:20:13.77Z" },
    { url = "https://files.pythonhosted.org/packages/e5/6c/1bebf44f5f177f8c750e608f82c08cd699b8f28cc233e799379bfcf2a2c2/cython-3.1.3-cp312-cp312-macosx_11_0_arm64.whl", hash = "sha256:93dd0f62a3f8e93166d8584f8b243180d681ba8fed1f530b55d5f70c348c5797", size = 2844261, upload-time = "2025-08-13T06:20:15.619Z" },
    { url = "https://files.pythonhosted.org/packages/c7/74/983005ce5954f6dc8360b105a561e51a60ea619c53296afac98253d1c9d7/cython-3.1.3-cp312-cp312-manylinux1_i686.manylinux_2_28_i686.manylinux_2_5_i686.whl", hash = "sha256:ff4a2cb84798faffb3988bd94636c3ad31a95ff44ef017f09121abffc56f84cf", size = 3388846, upload-time = "2025-08-13T06:20:17.679Z" },
    { url = "https://files.pythonhosted.org/packages/68/50/dbe7edefe9b652bc72d49da07785173e89197b9a2d64a2ac45da9795eccf/cython-3.1.3-cp312-cp312-manylinux2014_aarch64.manylinux_2_17_aarch64.manylinux_2_28_aarch64.whl", hash = "sha256:4b05319e36f34d5388deea5cc2bcfd65f9ebf76f4ea050829421a69625dbba4a", size = 3167022, upload-time = "2025-08-13T06:20:19.863Z" },
    { url = "https://files.pythonhosted.org/packages/4a/55/b50548b77203e22262002feae23a172f95282b4b8deb5ad104f08e3dc20d/cython-3.1.3-cp312-cp312-manylinux2014_x86_64.manylinux_2_17_x86_64.manylinux_2_28_x86_64.whl", hash = "sha256:7ac902a17934a6da46f80755f49413bc4c03a569ae3c834f5d66da7288ba7e6c", size = 3317782, upload-time = "2025-08-13T06:20:21.962Z" },
    { url = "https://files.pythonhosted.org/packages/f6/1b/20a97507d528dc330d67be4fbad6bc767c681d56192bce8f7117a187b2ad/cython-3.1.3-cp312-cp312-musllinux_1_2_aarch64.whl", hash = "sha256:7d7a555a864b1b08576f9e8a67f3789796a065837544f9f683ebf3188012fdbd", size = 3179818, upload-time = "2025-08-13T06:20:24.419Z" },
    { url = "https://files.pythonhosted.org/packages/43/a5/7b32a19c4c6bb0e2cc7ae52269b6b23a42f67f730e4abd4f8dca63660f7a/cython-3.1.3-cp312-cp312-musllinux_1_2_i686.whl", hash = "sha256:b827ce7d97ef8624adcf2bdda594b3dcb6c9b4f124d8f72001d8aea27d69dc1c", size = 3403206, upload-time = "2025-08-13T06:20:26.846Z" },
    { url = "https://files.pythonhosted.org/packages/ba/e1/08cfd4c5e99f79e62d4a7b0009bbd906748633270935c8a55eee51fead76/cython-3.1.3-cp312-cp312-musllinux_1_2_x86_64.whl", hash = "sha256:7851107204085f4f02d0eb6b660ddcad2ce4846e8b7a1eaba724a0bd3cd68a6b", size = 3327837, upload-time = "2025-08-13T06:20:28.946Z" },
    { url = "https://files.pythonhosted.org/packages/23/1b/f3d384be86fa2a6e110b42f42bf97295a513197aaa5532f451c73bf5b48e/cython-3.1.3-cp312-cp312-win32.whl", hash = "sha256:ed20f1b45b2da5a4f8e71a80025bca1cdc96ba35820b0b17658a4a025be920b0", size = 2485990, upload-time = "2025-08-13T06:20:31.517Z" },
    { url = "https://files.pythonhosted.org/packages/de/f0/17cff75e3c141bda73d770f7412632f53e55778d3bfdadfeec4dd3a7d1d6/cython-3.1.3-cp312-cp312-win_amd64.whl", hash = "sha256:dc4ca0f4dec55124cd79ddcfc555be1cbe0092cc99bcf1403621d17b9c6218bb", size = 2704002, upload-time = "2025-08-13T06:20:33.773Z" },
    { url = "https://files.pythonhosted.org/packages/7f/93/0e5dfcc6215a6c2cae509d7e40f8fb197237ba5998c936e9c19692f8eedf/cython-3.1.3-cp313-cp313-macosx_10_13_x86_64.whl", hash = "sha256:9458d540ef0853ea4fc65b8a946587bd483ef7244b470b3d93424eb7b04edeb1", size = 2998232, upload-time = "2025-08-13T06:20:35.817Z" },
    { url = "https://files.pythonhosted.org/packages/6b/6c/01b22de45e3a9b86fbe4a18cd470146514209448cb4d3d3ba9c72390d45b/cython-3.1.3-cp313-cp313-macosx_11_0_arm64.whl", hash = "sha256:32d1b22c3b231326e9f16480a7f508c6841bbf7d0615c2d6f489ebc72dd05205", size = 2830052, upload-time = "2025-08-13T06:20:37.71Z" },
    { url = "https://files.pythonhosted.org/packages/52/08/a7d4b91b144b4bd015e932303861061cd43221f737ecdc6e380a438f245f/cython-3.1.3-cp313-cp313-manylinux1_i686.manylinux_2_28_i686.manylinux_2_5_i686.whl", hash = "sha256:d4c7e0b8584b02a349952de7d7d47f89c97cbf3fee74962e89e3caa78139ec84", size = 3359478, upload-time = "2025-08-13T06:20:39.811Z" },
    { url = "https://files.pythonhosted.org/packages/f5/7d/b44ee735439ee73a88c6532536cfbc5b2f146c5f315effa124e85aadb447/cython-3.1.3-cp313-cp313-manylinux2014_aarch64.manylinux_2_17_aarch64.manylinux_2_28_aarch64.whl", hash = "sha256:c9178f0c06f4bc92372dc44e3867e9285bebd556953e47857c26b389aabe2828", size = 3155157, upload-time = "2025-08-13T06:20:42.305Z" },
    { url = "https://files.pythonhosted.org/packages/a8/e0/ef1a44ba765057b04e99cf34dcc1910706a666ea66fcd2b92175ab645416/cython-3.1.3-cp313-cp313-manylinux2014_x86_64.manylinux_2_17_x86_64.manylinux_2_28_x86_64.whl", hash = "sha256:d4da2e624d381e9790152672bfc599a5fb4b823b99d82700a10f5db3311851f9", size = 3305331, upload-time = "2025-08-13T06:20:44.423Z" },
    { url = "https://files.pythonhosted.org/packages/62/f1/8bf3ea5babdef82df3023e72522c71bfc5cc5091e9710828a0dda81bda88/cython-3.1.3-cp313-cp313-musllinux_1_2_aarch64.whl", hash = "sha256:680c9168882c5e8031dd31df199b9a5ee897e95136d15f8c6454b62162ede25e", size = 3171968, upload-time = "2025-08-13T06:20:48.962Z" },
    { url = "https://files.pythonhosted.org/packages/b5/c3/c1383f987d3add9cb8655943f6a0f164bfd06951f28e51b7887d12c8716a/cython-3.1.3-cp313-cp313-musllinux_1_2_i686.whl", hash = "sha256:833cd0fdba9210d2f1f29e097579565a296d7ff567fd63e8cf5fde4c14339f4f", size = 3372840, upload-time = "2025-08-13T06:20:51.495Z" },
    { url = "https://files.pythonhosted.org/packages/71/d5/02fb7454756cb31b0c044050ee563ac172314aa8e74e5a4dd73bf77041d3/cython-3.1.3-cp313-cp313-musllinux_1_2_x86_64.whl", hash = "sha256:c04367fa0e6c35b199eb51d64b5e185584b810f6c2b96726ce450300faf99686", size = 3317912, upload-time = "2025-08-13T06:20:53.461Z" },
    { url = "https://files.pythonhosted.org/packages/91/62/b96227adf45236952f7cf07f869ff4157b82fe25ff7bb5ba9a3037c98993/cython-3.1.3-cp313-cp313-win32.whl", hash = "sha256:f02ef2bf72a576bf541534c704971b8901616db431bc46d368eed1d6b20aaa1e", size = 2479889, upload-time = "2025-08-13T06:20:55.437Z" },
    { url = "https://files.pythonhosted.org/packages/74/09/100c0727d0fc8e4d7134c44c12b8c623e40f309401af56b7f6faf795c4bb/cython-3.1.3-cp313-cp313-win_amd64.whl", hash = "sha256:00264cafcc451dcefc01eaf29ed5ec150fb73af21d4d21105d97e9d829a53e99", size = 2701550, upload-time = "2025-08-13T06:20:57.503Z" },
    { url = "https://files.pythonhosted.org/packages/23/0e/6e535f2eedf0ddc3c84b087e5d0f04a7b88d8229ec8c27be41a142bcbbfa/cython-3.1.3-cp314-cp314-macosx_10_13_x86_64.whl", hash = "sha256:62b0a9514b68391aae9784405b65738bbe19cdead3dd7b90dd9e963281db1ee3", size = 2995613, upload-time = "2025-08-13T06:20:59.408Z" },
    { url = "https://files.pythonhosted.org/packages/77/10/3c9e2abf315f608bc22f49b6f9ee66859c23e07edbf484522d5f27b61ab7/cython-3.1.3-cp314-cp314-macosx_11_0_arm64.whl", hash = "sha256:976db373c315f342dcb24cd65b5e4c08d2c7b42f9f6ac1b3f677eb2abc9bfb0f", size = 2841282, upload-time = "2025-08-13T06:21:01.274Z" },
    { url = "https://files.pythonhosted.org/packages/cd/77/04e39af308d5716640bc638e7d90d8be34277ebc642ea5bda5ac09628215/cython-3.1.3-cp314-cp314-manylinux1_i686.manylinux_2_28_i686.manylinux_2_5_i686.whl", hash = "sha256:e765c12a02dea0bd968cf1e85af77be1dc6d21909c3fbf5bd81815a7cdd4a65e", size = 3361624, upload-time = "2025-08-13T06:21:03.418Z" },
    { url = "https://files.pythonhosted.org/packages/75/f4/bdbc989ad88401e03ffe17e0bc3a03e3fe5dccbeb9c90e8762d7da4c7a45/cython-3.1.3-cp314-cp314-manylinux2014_aarch64.manylinux_2_17_aarch64.manylinux_2_28_aarch64.whl", hash = "sha256:097374fa1370e9967e48442a41a0acbebb94fe9d63976cad31eacd38424847bf", size = 3194014, upload-time = "2025-08-13T06:21:05.719Z" },
    { url = "https://files.pythonhosted.org/packages/a2/c8/9f282e5d31280f3912199b638c71557062443608eb3909a562283eda376d/cython-3.1.3-cp314-cp314-manylinux2014_x86_64.manylinux_2_17_x86_64.manylinux_2_28_x86_64.whl", hash = "sha256:29d8fda4d62b693e62992c665a688e3a220be70958c48eb4c2634093c9998156", size = 3309703, upload-time = "2025-08-13T06:21:08.026Z" },
    { url = "https://files.pythonhosted.org/packages/0a/09/83416a454a575e3ea7e84ec138f0b6dbfb34de28de4968359d7fdb428028/cython-3.1.3-cp314-cp314-musllinux_1_2_aarch64.whl", hash = "sha256:da23fa5082940ae1eed487ee9b7c1da7015b53f9feffeee661f4ee57f696dcd5", size = 3210317, upload-time = "2025-08-13T06:21:10.92Z" },
    { url = "https://files.pythonhosted.org/packages/8f/dc/901ed74302d52105588c59a41a239ef6bd01ff708391a15938aba9670b9e/cython-3.1.3-cp314-cp314-musllinux_1_2_i686.whl", hash = "sha256:8880daa7a0ddf971593f24da161c976bc1bea895393fdfebb8e54269321d9d2b", size = 3378211, upload-time = "2025-08-13T06:21:13.067Z" },
    { url = "https://files.pythonhosted.org/packages/b7/6d/1e077b99a678b69a39bfe96e1888bcf6c868830220e635f862a44c7761b4/cython-3.1.3-cp314-cp314-musllinux_1_2_x86_64.whl", hash = "sha256:20d6b5a9fc210d3bc2880413011f606e1208e12ee6efc74717445a63f9795af1", size = 3321051, upload-time = "2025-08-13T06:21:17.314Z" },
    { url = "https://files.pythonhosted.org/packages/00/cd/2c442e9e41eafa851d89af1f62720007e03a12e1c01d9a71ed75f550a6c5/cython-3.1.3-cp314-cp314-win32.whl", hash = "sha256:3b2243fed3eeb129dedf2cebbe3be0d9b02fbf3bc75b387aafd54aac3950baa6", size = 2502067, upload-time = "2025-08-13T06:21:19.404Z" },
    { url = "https://files.pythonhosted.org/packages/ae/63/7a1f2f06331f7dcf3fd31721fdaa8b60762748b82395631c0324672a4f2b/cython-3.1.3-cp314-cp314-win_amd64.whl", hash = "sha256:d32792c80b1fa8be9de207ec8844d49c4d1d0d60e5136d20f344729270db6490", size = 2733427, upload-time = "2025-08-13T06:21:21.525Z" },
    { url = "https://files.pythonhosted.org/packages/56/c8/46ac27096684f33e27dab749ef43c6b0119c6a0d852971eaefb73256dc4c/cython-3.1.3-py3-none-any.whl", hash = "sha256:d13025b34f72f77bf7f65c1cd628914763e6c285f4deb934314c922b91e6be5a", size = 1225725, upload-time = "2025-08-13T06:19:09.593Z" },
]

[[package]]
name = "spmc-py"
version = "0.1.0"
source = { editable = "." }
dependencies = [
    { name = "cython" },
]

[package.metadata]
requires-dist = [{ name = "cython", specifier = ">=3.0" }]
